
Microsoft Visual Studio Solution File, Format Version 12.00
# Visual Studio Version 17
VisualStudioVersion = 17.14.36202.13 d17.14
MinimumVisualStudioVersion = 10.0.40219.1
Project("{FAE04EC0-301F-11D3-BF4B-00C04F79EFBC}") = "webxemphim", "webxemphim\webxemphim.csproj", "{A3BC3897-E009-4B95-ADB0-DB39CC6C6006}"
EndProject
Global
	GlobalSection(SolutionConfigurationPlatforms) = preSolution
		Debug|Any CPU = Debug|Any CPU
		Release|Any CPU = Release|Any CPU
	EndGlobalSection
	GlobalSection(ProjectConfigurationPlatforms) = postSolution
		{A3BC3897-E009-4B95-ADB0-DB39CC6C6006}.Debug|Any CPU.ActiveCfg = Debug|Any CPU
		{A3BC3897-E009-4B95-ADB0-DB39CC6C6006}.Debug|Any CPU.Build.0 = Debug|Any CPU
		{A3BC3897-E009-4B95-ADB0-DB39CC6C6006}.Release|Any CPU.ActiveCfg = Release|Any CPU
		{A3BC3897-E009-4B95-ADB0-DB39CC6C6006}.Release|Any CPU.Build.0 = Release|Any CPU
	EndGlobalSection
	GlobalSection(SolutionProperties) = preSolution
		HideSolutionNode = FALSE
	EndGlobalSection
	GlobalSection(ExtensibilityGlobals) = postSolution
		SolutionGuid = {E9A78188-A6F2-4281-B58C-8D64F973F64B}
	EndGlobalSection
EndGlobal
